
Microsoft Visual Studio Solution File, Format Version 12.00
Project("{FAE04EC0-301F-11D3-BF4B-00C04F79EFBC}") = "CompaniesRatingAngularAndMongoDb", "CompaniesRatingAngularAndMongoDb\CompaniesRatingAngularAndMongoDb.csproj", "{F831CD68-4EF9-4BCB-B0DB-8385FA53BADB}"
EndProject
Project("{FAE04EC0-301F-11D3-BF4B-00C04F79EFBC}") = "CompaniesRatingWebApi", "CompaniesRatingWebApi\CompaniesRatingWebApi.csproj", "{3CD0CAE0-4229-4015-943E-B0D9FF6BC9B9}"
EndProject
Project("{FAE04EC0-301F-11D3-BF4B-00C04F79EFBC}") = "CompaniesRatingWebApiUnitTests", "CompaniesRatingWebApiUnitTests\CompaniesRatingWebApiUnitTests.csproj", "{0B04EDD0-5B94-4526-93DB-C9B15B79DBF8}"
EndProject
Global
	GlobalSection(SolutionConfigurationPlatforms) = preSolution
		Debug|Any CPU = Debug|Any CPU
		Release|Any CPU = Release|Any CPU
	EndGlobalSection
	GlobalSection(ProjectConfigurationPlatforms) = postSolution
		{F831CD68-4EF9-4BCB-B0DB-8385FA53BADB}.Debug|Any CPU.ActiveCfg = Debug|Any CPU
		{F831CD68-4EF9-4BCB-B0DB-8385FA53BADB}.Debug|Any CPU.Build.0 = Debug|Any CPU
		{F831CD68-4EF9-4BCB-B0DB-8385FA53BADB}.Release|Any CPU.ActiveCfg = Release|Any CPU
		{F831CD68-4EF9-4BCB-B0DB-8385FA53BADB}.Release|Any CPU.Build.0 = Release|Any CPU
		{3CD0CAE0-4229-4015-943E-B0D9FF6BC9B9}.Debug|Any CPU.ActiveCfg = Debug|Any CPU
		{3CD0CAE0-4229-4015-943E-B0D9FF6BC9B9}.Debug|Any CPU.Build.0 = Debug|Any CPU
		{3CD0CAE0-4229-4015-943E-B0D9FF6BC9B9}.Release|Any CPU.ActiveCfg = Release|Any CPU
		{3CD0CAE0-4229-4015-943E-B0D9FF6BC9B9}.Release|Any CPU.Build.0 = Release|Any CPU
		{0B04EDD0-5B94-4526-93DB-C9B15B79DBF8}.Debug|Any CPU.ActiveCfg = Debug|Any CPU
		{0B04EDD0-5B94-4526-93DB-C9B15B79DBF8}.Debug|Any CPU.Build.0 = Debug|Any CPU
		{0B04EDD0-5B94-4526-93DB-C9B15B79DBF8}.Release|Any CPU.ActiveCfg = Release|Any CPU
		{0B04EDD0-5B94-4526-93DB-C9B15B79DBF8}.Release|Any CPU.Build.0 = Release|Any CPU
	EndGlobalSection
EndGlobal
